
Microsoft Visual Studio Solution File, Format Version 12.00
# Visual Studio Version 17
VisualStudioVersion = 17.2.32630.192
MinimumVisualStudioVersion = 10.0.40219.1
Project("{8BC9CEB8-8B4A-11D0-8D11-00A0C91BC942}") = "netology_3.01.01", "netology_3.01.01\netology_3.01.01.vcxproj", "{2D05A89F-D88E-416B-8540-E0CE51952E15}"
EndProject
Project("{8BC9CEB8-8B4A-11D0-8D11-00A0C91BC942}") = "netology_3.02.01", "netology_3.02.01\netology_3.02.01.vcxproj", "{0F649714-014D-4CB6-BA47-5BE4AF8109F4}"
EndProject
Project("{8BC9CEB8-8B4A-11D0-8D11-00A0C91BC942}") = "netology_3.02.02", "netology_3.02.02\netology_3.02.02.vcxproj", "{9A201278-A3FA-4852-BCAE-8E66314490B3}"
EndProject
Project("{8BC9CEB8-8B4A-11D0-8D11-00A0C91BC942}") = "netology_3.02.03", "netology_3.02.03\netology_3.02.03.vcxproj", "{390CF1B9-69BA-4DCE-AC33-6A211C41E5EA}"
EndProject
Project("{8BC9CEB8-8B4A-11D0-8D11-00A0C91BC942}") = "netology_1.livegame", "netology_1.livegame\netology_1.livegame.vcxproj", "{09DF3CD5-023F-4266-B802-8C279E818C72}"
EndProject
Project("{8BC9CEB8-8B4A-11D0-8D11-00A0C91BC942}") = "netology_5.03.01", "netology_5.03.01\netology_5.03.01.vcxproj", "{EE5CA22E-B78D-4CFE-97DF-FCC9A2E53A80}"
EndProject
Project("{8BC9CEB8-8B4A-11D0-8D11-00A0C91BC942}") = "netology_5.03.02", "netology_5.03.02\netology_5.03.02.vcxproj", "{3CA420FD-4A58-48EF-A81E-EC8F38152706}"
EndProject
Project("{8BC9CEB8-8B4A-11D0-8D11-00A0C91BC942}") = "netology_5.04.01", "netology_5.04.01\netology_5.04.01.vcxproj", "{4F86406A-1BBE-4E0B-8F2F-B319B7A2CA3B}"
EndProject
Project("{8BC9CEB8-8B4A-11D0-8D11-00A0C91BC942}") = "netology_5.04.02", "netology_5.04.02\netology_5.04.02.vcxproj", "{21E92396-AACA-4B88-B3FA-B95C1E65DADB}"
EndProject
Project("{8BC9CEB8-8B4A-11D0-8D11-00A0C91BC942}") = "netology_5.05.01", "netology_5.05.01\netology_5.05.01.vcxproj", "{D90AD014-D3E3-444F-A4FF-4C8660B26C8D}"
EndProject
Project("{8BC9CEB8-8B4A-11D0-8D11-00A0C91BC942}") = "netology_5.05.02", "netology_5.05.02\netology_5.05.02.vcxproj", "{97533E33-4150-4DE8-B47C-5DB8870CCC24}"
EndProject
Project("{8BC9CEB8-8B4A-11D0-8D11-00A0C91BC942}") = "netology_5.05.03", "netology_5.05.03\netology_5.05.03.vcxproj", "{9E2C79A2-1146-457F-941E-2700AAA18D81}"
EndProject
Project("{8BC9CEB8-8B4A-11D0-8D11-00A0C91BC942}") = "netology_5.06.01", "netology_5.06.01\netology_5.06.01.vcxproj", "{5EDA1AF8-FD16-4D4C-871C-727EE048F9A4}"
EndProject
Project("{8BC9CEB8-8B4A-11D0-8D11-00A0C91BC942}") = "netology_5.06.02", "netology_5.06.02\netology_5.06.02.vcxproj", "{E9C3EB56-40FA-4485-B528-30AC2DF65DE5}"
EndProject
Project("{8BC9CEB8-8B4A-11D0-8D11-00A0C91BC942}") = "netology_5.06.03", "netology_5.06.03\netology_5.06.03.vcxproj", "{27DC9CDC-82A4-4282-8149-10C50BA09164}"
EndProject
Project("{8BC9CEB8-8B4A-11D0-8D11-00A0C91BC942}") = "netology_5.07.01", "netology_5.07.01\netology_5.07.01.vcxproj", "{7242CFC4-E6B5-4707-8E34-F340CB83800B}"
EndProject
Project("{8BC9CEB8-8B4A-11D0-8D11-00A0C91BC942}") = "netology_5.07.02", "netology_5.07.02\netology_5.07.02.vcxproj", "{C4FB6251-A037-4C68-9CE4-A1157D4A9699}"
EndProject
Project("{8BC9CEB8-8B4A-11D0-8D11-00A0C91BC942}") = "netology_5.08.01", "netology_5.08.01\netology_5.08.01.vcxproj", "{52FFDEE1-CBF5-49F8-8E41-49BB60C9BEEE}"
EndProject
Project("{8BC9CEB8-8B4A-11D0-8D11-00A0C91BC942}") = "netology_5.08.02", "netology_5.08.02\netology_5.08.02.vcxproj", "{9A6122A5-24DE-47DD-9B80-EB3F2A05DC5D}"
EndProject
Project("{8BC9CEB8-8B4A-11D0-8D11-00A0C91BC942}") = "netology_5.racegame", "netology_5.racegame\netology_5.racegame.vcxproj", "{BCB9BB60-B5A9-4542-8492-6068F3100BF5}"
EndProject
Global
	GlobalSection(SolutionConfigurationPlatforms) = preSolution
		Debug|x64 = Debug|x64
		Debug|x86 = Debug|x86
		Release|x64 = Release|x64
		Release|x86 = Release|x86
	EndGlobalSection
	GlobalSection(ProjectConfigurationPlatforms) = postSolution
		{2D05A89F-D88E-416B-8540-E0CE51952E15}.Debug|x64.ActiveCfg = Debug|x64
		{2D05A89F-D88E-416B-8540-E0CE51952E15}.Debug|x64.Build.0 = Debug|x64
		{2D05A89F-D88E-416B-8540-E0CE51952E15}.Debug|x86.ActiveCfg = Debug|Win32
		{2D05A89F-D88E-416B-8540-E0CE51952E15}.Debug|x86.Build.0 = Debug|Win32
		{2D05A89F-D88E-416B-8540-E0CE51952E15}.Release|x64.ActiveCfg = Release|x64
		{2D05A89F-D88E-416B-8540-E0CE51952E15}.Release|x64.Build.0 = Release|x64
		{2D05A89F-D88E-416B-8540-E0CE51952E15}.Release|x86.ActiveCfg = Release|Win32
		{2D05A89F-D88E-416B-8540-E0CE51952E15}.Release|x86.Build.0 = Release|Win32
		{0F649714-014D-4CB6-BA47-5BE4AF8109F4}.Debug|x64.ActiveCfg = Debug|x64
		{0F649714-014D-4CB6-BA47-5BE4AF8109F4}.Debug|x64.Build.0 = Debug|x64
		{0F649714-014D-4CB6-BA47-5BE4AF8109F4}.Debug|x86.ActiveCfg = Debug|Win32
		{0F649714-014D-4CB6-BA47-5BE4AF8109F4}.Debug|x86.Build.0 = Debug|Win32
		{0F649714-014D-4CB6-BA47-5BE4AF8109F4}.Release|x64.ActiveCfg = Release|x64
		{0F649714-014D-4CB6-BA47-5BE4AF8109F4}.Release|x64.Build.0 = Release|x64
		{0F649714-014D-4CB6-BA47-5BE4AF8109F4}.Release|x86.ActiveCfg = Release|Win32
		{0F649714-014D-4CB6-BA47-5BE4AF8109F4}.Release|x86.Build.0 = Release|Win32
		{9A201278-A3FA-4852-BCAE-8E66314490B3}.Debug|x64.ActiveCfg = Debug|x64
		{9A201278-A3FA-4852-BCAE-8E66314490B3}.Debug|x64.Build.0 = Debug|x64
		{9A201278-A3FA-4852-BCAE-8E66314490B3}.Debug|x86.ActiveCfg = Debug|Win32
		{9A201278-A3FA-4852-BCAE-8E66314490B3}.Debug|x86.Build.0 = Debug|Win32
		{9A201278-A3FA-4852-BCAE-8E66314490B3}.Release|x64.ActiveCfg = Release|x64
		{9A201278-A3FA-4852-BCAE-8E66314490B3}.Release|x64.Build.0 = Release|x64
		{9A201278-A3FA-4852-BCAE-8E66314490B3}.Release|x86.ActiveCfg = Release|Win32
		{9A201278-A3FA-4852-BCAE-8E66314490B3}.Release|x86.Build.0 = Release|Win32
		{390CF1B9-69BA-4DCE-AC33-6A211C41E5EA}.Debug|x64.ActiveCfg = Debug|x64
		{390CF1B9-69BA-4DCE-AC33-6A211C41E5EA}.Debug|x64.Build.0 = Debug|x64
		{390CF1B9-69BA-4DCE-AC33-6A211C41E5EA}.Debug|x86.ActiveCfg = Debug|Win32
		{390CF1B9-69BA-4DCE-AC33-6A211C41E5EA}.Debug|x86.Build.0 = Debug|Win32
		{390CF1B9-69BA-4DCE-AC33-6A211C41E5EA}.Release|x64.ActiveCfg = Release|x64
		{390CF1B9-69BA-4DCE-AC33-6A211C41E5EA}.Release|x64.Build.0 = Release|x64
		{390CF1B9-69BA-4DCE-AC33-6A211C41E5EA}.Release|x86.ActiveCfg = Release|Win32
		{390CF1B9-69BA-4DCE-AC33-6A211C41E5EA}.Release|x86.Build.0 = Release|Win32
		{09DF3CD5-023F-4266-B802-8C279E818C72}.Debug|x64.ActiveCfg = Debug|x64
		{09DF3CD5-023F-4266-B802-8C279E818C72}.Debug|x64.Build.0 = Debug|x64
		{09DF3CD5-023F-4266-B802-8C279E818C72}.Debug|x86.ActiveCfg = Debug|Win32
		{09DF3CD5-023F-4266-B802-8C279E818C72}.Debug|x86.Build.0 = Debug|Win32
		{09DF3CD5-023F-4266-B802-8C279E818C72}.Release|x64.ActiveCfg = Release|x64
		{09DF3CD5-023F-4266-B802-8C279E818C72}.Release|x64.Build.0 = Release|x64
		{09DF3CD5-023F-4266-B802-8C279E818C72}.Release|x86.ActiveCfg = Release|Win32
		{09DF3CD5-023F-4266-B802-8C279E818C72}.Release|x86.Build.0 = Release|Win32
		{EE5CA22E-B78D-4CFE-97DF-FCC9A2E53A80}.Debug|x64.ActiveCfg = Debug|x64
		{EE5CA22E-B78D-4CFE-97DF-FCC9A2E53A80}.Debug|x64.Build.0 = Debug|x64
		{EE5CA22E-B78D-4CFE-97DF-FCC9A2E53A80}.Debug|x86.ActiveCfg = Debug|Win32
		{EE5CA22E-B78D-4CFE-97DF-FCC9A2E53A80}.Debug|x86.Build.0 = Debug|Win32
		{EE5CA22E-B78D-4CFE-97DF-FCC9A2E53A80}.Release|x64.ActiveCfg = Release|x64
		{EE5CA22E-B78D-4CFE-97DF-FCC9A2E53A80}.Release|x64.Build.0 = Release|x64
		{EE5CA22E-B78D-4CFE-97DF-FCC9A2E53A80}.Release|x86.ActiveCfg = Release|Win32
		{EE5CA22E-B78D-4CFE-97DF-FCC9A2E53A80}.Release|x86.Build.0 = Release|Win32
		{3CA420FD-4A58-48EF-A81E-EC8F38152706}.Debug|x64.ActiveCfg = Debug|x64
		{3CA420FD-4A58-48EF-A81E-EC8F38152706}.Debug|x64.Build.0 = Debug|x64
		{3CA420FD-4A58-48EF-A81E-EC8F38152706}.Debug|x86.ActiveCfg = Debug|Win32
		{3CA420FD-4A58-48EF-A81E-EC8F38152706}.Debug|x86.Build.0 = Debug|Win32
		{3CA420FD-4A58-48EF-A81E-EC8F38152706}.Release|x64.ActiveCfg = Release|x64
		{3CA420FD-4A58-48EF-A81E-EC8F38152706}.Release|x64.Build.0 = Release|x64
		{3CA420FD-4A58-48EF-A81E-EC8F38152706}.Release|x86.ActiveCfg = Release|Win32
		{3CA420FD-4A58-48EF-A81E-EC8F38152706}.Release|x86.Build.0 = Release|Win32
		{4F86406A-1BBE-4E0B-8F2F-B319B7A2CA3B}.Debug|x64.ActiveCfg = Debug|x64
		{4F86406A-1BBE-4E0B-8F2F-B319B7A2CA3B}.Debug|x64.Build.0 = Debug|x64
		{4F86406A-1BBE-4E0B-8F2F-B319B7A2CA3B}.Debug|x86.ActiveCfg = Debug|Win32
		{4F86406A-1BBE-4E0B-8F2F-B319B7A2CA3B}.Debug|x86.Build.0 = Debug|Win32
		{4F86406A-1BBE-4E0B-8F2F-B319B7A2CA3B}.Release|x64.ActiveCfg = Release|x64
		{4F86406A-1BBE-4E0B-8F2F-B319B7A2CA3B}.Release|x64.Build.0 = Release|x64
		{4F86406A-1BBE-4E0B-8F2F-B319B7A2CA3B}.Release|x86.ActiveCfg = Release|Win32
		{4F86406A-1BBE-4E0B-8F2F-B319B7A2CA3B}.Release|x86.Build.0 = Release|Win32
		{21E92396-AACA-4B88-B3FA-B95C1E65DADB}.Debug|x64.ActiveCfg = Debug|x64
		{21E92396-AACA-4B88-B3FA-B95C1E65DADB}.Debug|x64.Build.0 = Debug|x64
		{21E92396-AACA-4B88-B3FA-B95C1E65DADB}.Debug|x86.ActiveCfg = Debug|Win32
		{21E92396-AACA-4B88-B3FA-B95C1E65DADB}.Debug|x86.Build.0 = Debug|Win32
		{21E92396-AACA-4B88-B3FA-B95C1E65DADB}.Release|x64.ActiveCfg = Release|x64
		{21E92396-AACA-4B88-B3FA-B95C1E65DADB}.Release|x64.Build.0 = Release|x64
		{21E92396-AACA-4B88-B3FA-B95C1E65DADB}.Release|x86.ActiveCfg = Release|Win32
		{21E92396-AACA-4B88-B3FA-B95C1E65DADB}.Release|x86.Build.0 = Release|Win32
		{D90AD014-D3E3-444F-A4FF-4C8660B26C8D}.Debug|x64.ActiveCfg = Debug|x64
		{D90AD014-D3E3-444F-A4FF-4C8660B26C8D}.Debug|x64.Build.0 = Debug|x64
		{D90AD014-D3E3-444F-A4FF-4C8660B26C8D}.Debug|x86.ActiveCfg = Debug|Win32
		{D90AD014-D3E3-444F-A4FF-4C8660B26C8D}.Debug|x86.Build.0 = Debug|Win32
		{D90AD014-D3E3-444F-A4FF-4C8660B26C8D}.Release|x64.ActiveCfg = Release|x64
		{D90AD014-D3E3-444F-A4FF-4C8660B26C8D}.Release|x64.Build.0 = Release|x64
		{D90AD014-D3E3-444F-A4FF-4C8660B26C8D}.Release|x86.ActiveCfg = Release|Win32
		{D90AD014-D3E3-444F-A4FF-4C8660B26C8D}.Release|x86.Build.0 = Release|Win32
		{97533E33-4150-4DE8-B47C-5DB8870CCC24}.Debug|x64.ActiveCfg = Debug|x64
		{97533E33-4150-4DE8-B47C-5DB8870CCC24}.Debug|x64.Build.0 = Debug|x64
		{97533E33-4150-4DE8-B47C-5DB8870CCC24}.Debug|x86.ActiveCfg = Debug|Win32
		{97533E33-4150-4DE8-B47C-5DB8870CCC24}.Debug|x86.Build.0 = Debug|Win32
		{97533E33-4150-4DE8-B47C-5DB8870CCC24}.Release|x64.ActiveCfg = Release|x64
		{97533E33-4150-4DE8-B47C-5DB8870CCC24}.Release|x64.Build.0 = Release|x64
		{97533E33-4150-4DE8-B47C-5DB8870CCC24}.Release|x86.ActiveCfg = Release|Win32
		{97533E33-4150-4DE8-B47C-5DB8870CCC24}.Release|x86.Build.0 = Release|Win32
		{9E2C79A2-1146-457F-941E-2700AAA18D81}.Debug|x64.ActiveCfg = Debug|x64
		{9E2C79A2-1146-457F-941E-2700AAA18D81}.Debug|x64.Build.0 = Debug|x64
		{9E2C79A2-1146-457F-941E-2700AAA18D81}.Debug|x86.ActiveCfg = Debug|Win32
		{9E2C79A2-1146-457F-941E-2700AAA18D81}.Debug|x86.Build.0 = Debug|Win32
		{9E2C79A2-1146-457F-941E-2700AAA18D81}.Release|x64.ActiveCfg = Release|x64
		{9E2C79A2-1146-457F-941E-2700AAA18D81}.Release|x64.Build.0 = Release|x64
		{9E2C79A2-1146-457F-941E-2700AAA18D81}.Release|x86.ActiveCfg = Release|Win32
		{9E2C79A2-1146-457F-941E-2700AAA18D81}.Release|x86.Build.0 = Release|Win32
		{5EDA1AF8-FD16-4D4C-871C-727EE048F9A4}.Debug|x64.ActiveCfg = Debug|x64
		{5EDA1AF8-FD16-4D4C-871C-727EE048F9A4}.Debug|x64.Build.0 = Debug|x64
		{5EDA1AF8-FD16-4D4C-871C-727EE048F9A4}.Debug|x86.ActiveCfg = Debug|Win32
		{5EDA1AF8-FD16-4D4C-871C-727EE048F9A4}.Debug|x86.Build.0 = Debug|Win32
		{5EDA1AF8-FD16-4D4C-871C-727EE048F9A4}.Release|x64.ActiveCfg = Release|x64
		{5EDA1AF8-FD16-4D4C-871C-727EE048F9A4}.Release|x64.Build.0 = Release|x64
		{5EDA1AF8-FD16-4D4C-871C-727EE048F9A4}.Release|x86.ActiveCfg = Release|Win32
		{5EDA1AF8-FD16-4D4C-871C-727EE048F9A4}.Release|x86.Build.0 = Release|Win32
		{E9C3EB56-40FA-4485-B528-30AC2DF65DE5}.Debug|x64.ActiveCfg = Debug|x64
		{E9C3EB56-40FA-4485-B528-30AC2DF65DE5}.Debug|x64.Build.0 = Debug|x64
		{E9C3EB56-40FA-4485-B528-30AC2DF65DE5}.Debug|x86.ActiveCfg = Debug|Win32
		{E9C3EB56-40FA-4485-B528-30AC2DF65DE5}.Debug|x86.Build.0 = Debug|Win32
		{E9C3EB56-40FA-4485-B528-30AC2DF65DE5}.Release|x64.ActiveCfg = Release|x64
		{E9C3EB56-40FA-4485-B528-30AC2DF65DE5}.Release|x64.Build.0 = Release|x64
		{E9C3EB56-40FA-4485-B528-30AC2DF65DE5}.Release|x86.ActiveCfg = Release|Win32
		{E9C3EB56-40FA-4485-B528-30AC2DF65DE5}.Release|x86.Build.0 = Release|Win32
		{27DC9CDC-82A4-4282-8149-10C50BA09164}.Debug|x64.ActiveCfg = Debug|x64
		{27DC9CDC-82A4-4282-8149-10C50BA09164}.Debug|x64.Build.0 = Debug|x64
		{27DC9CDC-82A4-4282-8149-10C50BA09164}.Debug|x86.ActiveCfg = Debug|Win32
		{27DC9CDC-82A4-4282-8149-10C50BA09164}.Debug|x86.Build.0 = Debug|Win32
		{27DC9CDC-82A4-4282-8149-10C50BA09164}.Release|x64.ActiveCfg = Release|x64
		{27DC9CDC-82A4-4282-8149-10C50BA09164}.Release|x64.Build.0 = Release|x64
		{27DC9CDC-82A4-4282-8149-10C50BA09164}.Release|x86.ActiveCfg = Release|Win32
		{27DC9CDC-82A4-4282-8149-10C50BA09164}.Release|x86.Build.0 = Release|Win32
		{7242CFC4-E6B5-4707-8E34-F340CB83800B}.Debug|x64.ActiveCfg = Debug|x64
		{7242CFC4-E6B5-4707-8E34-F340CB83800B}.Debug|x64.Build.0 = Debug|x64
		{7242CFC4-E6B5-4707-8E34-F340CB83800B}.Debug|x86.ActiveCfg = Debug|Win32
		{7242CFC4-E6B5-4707-8E34-F340CB83800B}.Debug|x86.Build.0 = Debug|Win32
		{7242CFC4-E6B5-4707-8E34-F340CB83800B}.Release|x64.ActiveCfg = Release|x64
		{7242CFC4-E6B5-4707-8E34-F340CB83800B}.Release|x64.Build.0 = Release|x64
		{7242CFC4-E6B5-4707-8E34-F340CB83800B}.Release|x86.ActiveCfg = Release|Win32
		{7242CFC4-E6B5-4707-8E34-F340CB83800B}.Release|x86.Build.0 = Release|Win32
		{C4FB6251-A037-4C68-9CE4-A1157D4A9699}.Debug|x64.ActiveCfg = Debug|x64
		{C4FB6251-A037-4C68-9CE4-A1157D4A9699}.Debug|x64.Build.0 = Debug|x64
		{C4FB6251-A037-4C68-9CE4-A1157D4A9699}.Debug|x86.ActiveCfg = Debug|Win32
		{C4FB6251-A037-4C68-9CE4-A1157D4A9699}.Debug|x86.Build.0 = Debug|Win32
		{C4FB6251-A037-4C68-9CE4-A1157D4A9699}.Release|x64.ActiveCfg = Release|x64
		{C4FB6251-A037-4C68-9CE4-A1157D4A9699}.Release|x64.Build.0 = Release|x64
		{C4FB6251-A037-4C68-9CE4-A1157D4A9699}.Release|x86.ActiveCfg = Release|Win32
		{C4FB6251-A037-4C68-9CE4-A1157D4A9699}.Release|x86.Build.0 = Release|Win32
		{52FFDEE1-CBF5-49F8-8E41-49BB60C9BEEE}.Debug|x64.ActiveCfg = Debug|x64
		{52FFDEE1-CBF5-49F8-8E41-49BB60C9BEEE}.Debug|x64.Build.0 = Debug|x64
		{52FFDEE1-CBF5-49F8-8E41-49BB60C9BEEE}.Debug|x86.ActiveCfg = Debug|Win32
		{52FFDEE1-CBF5-49F8-8E41-49BB60C9BEEE}.Debug|x86.Build.0 = Debug|Win32
		{52FFDEE1-CBF5-49F8-8E41-49BB60C9BEEE}.Release|x64.ActiveCfg = Release|x64
		{52FFDEE1-CBF5-49F8-8E41-49BB60C9BEEE}.Release|x64.Build.0 = Release|x64
		{52FFDEE1-CBF5-49F8-8E41-49BB60C9BEEE}.Release|x86.ActiveCfg = Release|Win32
		{52FFDEE1-CBF5-49F8-8E41-49BB60C9BEEE}.Release|x86.Build.0 = Release|Win32
		{9A6122A5-24DE-47DD-9B80-EB3F2A05DC5D}.Debug|x64.ActiveCfg = Debug|x64
		{9A6122A5-24DE-47DD-9B80-EB3F2A05DC5D}.Debug|x64.Build.0 = Debug|x64
		{9A6122A5-24DE-47DD-9B80-EB3F2A05DC5D}.Debug|x86.ActiveCfg = Debug|Win32
		{9A6122A5-24DE-47DD-9B80-EB3F2A05DC5D}.Debug|x86.Build.0 = Debug|Win32
		{9A6122A5-24DE-47DD-9B80-EB3F2A05DC5D}.Release|x64.ActiveCfg = Release|x64
		{9A6122A5-24DE-47DD-9B80-EB3F2A05DC5D}.Release|x64.Build.0 = Release|x64
		{9A6122A5-24DE-47DD-9B80-EB3F2A05DC5D}.Release|x86.ActiveCfg = Release|Win32
		{9A6122A5-24DE-47DD-9B80-EB3F2A05DC5D}.Release|x86.Build.0 = Release|Win32
		{BCB9BB60-B5A9-4542-8492-6068F3100BF5}.Debug|x64.ActiveCfg = Debug|x64
		{BCB9BB60-B5A9-4542-8492-6068F3100BF5}.Debug|x64.Build.0 = Debug|x64
		{BCB9BB60-B5A9-4542-8492-6068F3100BF5}.Debug|x86.ActiveCfg = Debug|Win32
		{BCB9BB60-B5A9-4542-8492-6068F3100BF5}.Debug|x86.Build.0 = Debug|Win32
		{BCB9BB60-B5A9-4542-8492-6068F3100BF5}.Release|x64.ActiveCfg = Release|x64
		{BCB9BB60-B5A9-4542-8492-6068F3100BF5}.Release|x64.Build.0 = Release|x64
		{BCB9BB60-B5A9-4542-8492-6068F3100BF5}.Release|x86.ActiveCfg = Release|Win32
		{BCB9BB60-B5A9-4542-8492-6068F3100BF5}.Release|x86.Build.0 = Release|Win32
	EndGlobalSection
	GlobalSection(SolutionProperties) = preSolution
		HideSolutionNode = FALSE
	EndGlobalSection
	GlobalSection(ExtensibilityGlobals) = postSolution
		SolutionGuid = {0F571B06-2760-4A65-9607-A402C081B482}
	EndGlobalSection
EndGlobal
